
Microsoft Visual Studio Solution File, Format Version 12.00
# Visual Studio Version 16
VisualStudioVersion = 16.0.29306.81
MinimumVisualStudioVersion = 10.0.40219.1
Project("{9A19103F-16F7-4668-BE54-9A1E7A4F7556}") = "TurnTracker.Server", "Source\TurnTracker.Server\TurnTracker.Server.csproj", "{CE8827C1-1848-4AB6-AC41-B19466FC414C}"
EndProject
Project("{9A19103F-16F7-4668-BE54-9A1E7A4F7556}") = "TurnTracker.Data", "Source\TurnTracker.Data\TurnTracker.Data.csproj", "{45D1ABF2-4AD5-4952-8E0A-529D41F612B2}"
EndProject
Project("{9A19103F-16F7-4668-BE54-9A1E7A4F7556}") = "TurnTracker.Domain", "Source\TurnTracker.Domain\TurnTracker.Domain.csproj", "{2E4A4592-9C6F-47E6-9E76-9B247F89858D}"
EndProject
Project("{FAE04EC0-301F-11D3-BF4B-00C04F79EFBC}") = "TurnTracker.Common", "Source\TurnTracker.Common\TurnTracker.Common.csproj", "{0EE4169E-050B-4DF4-AFEB-1EF9F8820061}"
EndProject
Global
	GlobalSection(SolutionConfigurationPlatforms) = preSolution
		Debug|Any CPU = Debug|Any CPU
		Release|Any CPU = Release|Any CPU
	EndGlobalSection
	GlobalSection(ProjectConfigurationPlatforms) = postSolution
		{CE8827C1-1848-4AB6-AC41-B19466FC414C}.Debug|Any CPU.ActiveCfg = Debug|Any CPU
		{CE8827C1-1848-4AB6-AC41-B19466FC414C}.Debug|Any CPU.Build.0 = Debug|Any CPU
		{CE8827C1-1848-4AB6-AC41-B19466FC414C}.Release|Any CPU.ActiveCfg = Release|Any CPU
		{CE8827C1-1848-4AB6-AC41-B19466FC414C}.Release|Any CPU.Build.0 = Release|Any CPU
		{45D1ABF2-4AD5-4952-8E0A-529D41F612B2}.Debug|Any CPU.ActiveCfg = Debug|Any CPU
		{45D1ABF2-4AD5-4952-8E0A-529D41F612B2}.Debug|Any CPU.Build.0 = Debug|Any CPU
		{45D1ABF2-4AD5-4952-8E0A-529D41F612B2}.Release|Any CPU.ActiveCfg = Release|Any CPU
		{45D1ABF2-4AD5-4952-8E0A-529D41F612B2}.Release|Any CPU.Build.0 = Release|Any CPU
		{2E4A4592-9C6F-47E6-9E76-9B247F89858D}.Debug|Any CPU.ActiveCfg = Debug|Any CPU
		{2E4A4592-9C6F-47E6-9E76-9B247F89858D}.Debug|Any CPU.Build.0 = Debug|Any CPU
		{2E4A4592-9C6F-47E6-9E76-9B247F89858D}.Release|Any CPU.ActiveCfg = Release|Any CPU
		{2E4A4592-9C6F-47E6-9E76-9B247F89858D}.Release|Any CPU.Build.0 = Release|Any CPU
		{0EE4169E-050B-4DF4-AFEB-1EF9F8820061}.Debug|Any CPU.ActiveCfg = Debug|Any CPU
		{0EE4169E-050B-4DF4-AFEB-1EF9F8820061}.Debug|Any CPU.Build.0 = Debug|Any CPU
		{0EE4169E-050B-4DF4-AFEB-1EF9F8820061}.Release|Any CPU.ActiveCfg = Release|Any CPU
		{0EE4169E-050B-4DF4-AFEB-1EF9F8820061}.Release|Any CPU.Build.0 = Release|Any CPU
	EndGlobalSection
	GlobalSection(SolutionProperties) = preSolution
		HideSolutionNode = FALSE
	EndGlobalSection
	GlobalSection(ExtensibilityGlobals) = postSolution
		SolutionGuid = {0061DC2F-3E3F-42EA-822D-96471A57FC1F}
	EndGlobalSection
EndGlobal
